
Microsoft Visual Studio Solution File, Format Version 12.00
# Visual Studio Version 16
VisualStudioVersion = 16.0.30611.23
MinimumVisualStudioVersion = 10.0.40219.1
Project("{FAE04EC0-301F-11D3-BF4B-00C04F79EFBC}") = "Prova 4", "Prova 4\Prova 4.csproj", "{A2D32325-3C5D-41AA-B7F8-F683739F934D}"
EndProject
Global
	GlobalSection(SolutionConfigurationPlatforms) = preSolution
		Debug|Any CPU = Debug|Any CPU
		Release|Any CPU = Release|Any CPU
	EndGlobalSection
	GlobalSection(ProjectConfigurationPlatforms) = postSolution
		{A2D32325-3C5D-41AA-B7F8-F683739F934D}.Debug|Any CPU.ActiveCfg = Debug|Any CPU
		{A2D32325-3C5D-41AA-B7F8-F683739F934D}.Debug|Any CPU.Build.0 = Debug|Any CPU
		{A2D32325-3C5D-41AA-B7F8-F683739F934D}.Release|Any CPU.ActiveCfg = Release|Any CPU
		{A2D32325-3C5D-41AA-B7F8-F683739F934D}.Release|Any CPU.Build.0 = Release|Any CPU
	EndGlobalSection
	GlobalSection(SolutionProperties) = preSolution
		HideSolutionNode = FALSE
	EndGlobalSection
	GlobalSection(ExtensibilityGlobals) = postSolution
		SolutionGuid = {3736F39F-07A0-4B9F-8DE6-03E3BD5DD40A}
	EndGlobalSection
EndGlobal
